// !$*UTF8*$!
{
	archiveVersion = 1;
	classes = {
	};
	objectVersion = 46;
	objects = {

/* Begin PBXBuildFile section */
		7EB482901DE0E8C900A5C5EE /* AppDelegate.swift in Sources */ = {isa = PBXBuildFile; fileRef = 7EB4828F1DE0E8C900A5C5EE /* AppDelegate.swift */; };
		7EB482921DE0E8CA00A5C5EE /* GameScene.sks in Resources */ = {isa = PBXBuildFile; fileRef = 7EB482911DE0E8CA00A5C5EE /* GameScene.sks */; };
		7EB482941DE0E8CA00A5C5EE /* Actions.sks in Resources */ = {isa = PBXBuildFile; fileRef = 7EB482931DE0E8CA00A5C5EE /* Actions.sks */; };
		7EB482961DE0E8CA00A5C5EE /* GameScene.swift in Sources */ = {isa = PBXBuildFile; fileRef = 7EB482951DE0E8CA00A5C5EE /* GameScene.swift */; };
		7EB482981DE0E8CA00A5C5EE /* GameViewController.swift in Sources */ = {isa = PBXBuildFile; fileRef = 7EB482971DE0E8CA00A5C5EE /* GameViewController.swift */; };
		7EB4829B1DE0E8CA00A5C5EE /* Main.storyboard in Resources */ = {isa = PBXBuildFile; fileRef = 7EB482991DE0E8CA00A5C5EE /* Main.storyboard */; };
		7EB4829D1DE0E8CA00A5C5EE /* Assets.xcassets in Resources */ = {isa = PBXBuildFile; fileRef = 7EB4829C1DE0E8CA00A5C5EE /* Assets.xcassets */; };
		7EB482A01DE0E8CA00A5C5EE /* LaunchScreen.storyboard in Resources */ = {isa = PBXBuildFile; fileRef = 7EB4829E1DE0E8CA00A5C5EE /* LaunchScreen.storyboard */; };
/* End PBXBuildFile section */

/* Begin PBXFileReference section */
		7EB4828C1DE0E8C900A5C5EE /* FolledoSpaceGame.app */ = {isa = PBXFileReference; explicitFileType = wrapper.application; includeInIndex = 0; path = FolledoSpaceGame.app; sourceTree = BUILT_PRODUCTS_DIR; };
		7EB4828F1DE0E8C900A5C5EE /* AppDelegate.swift */ = {isa = PBXFileReference; lastKnownFileType = sourcecode.swift; path = AppDelegate.swift; sourceTree = "<group>"; };
		7EB482911DE0E8CA00A5C5EE /* GameScene.sks */ = {isa = PBXFileReference; lastKnownFileType = file.sks; path = GameScene.sks; sourceTree = "<group>"; };
		7EB482931DE0E8CA00A5C5EE /* Actions.sks */ = {isa = PBXFileReference; lastKnownFileType = file.sks; path = Actions.sks; sourceTree = "<group>"; };
		7EB482951DE0E8CA00A5C5EE /* GameScene.swift */ = {isa = PBXFileReference; lastKnownFileType = sourcecode.swift; path = GameScene.swift; sourceTree = "<group>"; };
		7EB482971DE0E8CA00A5C5EE /* GameViewController.swift */ = {isa = PBXFileReference; lastKnownFileType = sourcecode.swift; path = GameViewController.swift; sourceTree = "<group>"; };
		7EB4829A1DE0E8CA00A5C5EE /* Base */ = {isa = PBXFileReference; lastKnownFileType = file.storyboard; name = Base; path = Base.lproj/Main.storyboard; sourceTree = "<group>"; };
		7EB4829C1DE0E8CA00A5C5EE /* Assets.xcassets */ = {isa = PBXFileReference; lastKnownFileType = folder.assetcatalog; path = Assets.xcassets; sourceTree = "<group>"; };
		7EB4829F1DE0E8CA00A5C5EE /* Base */ = {isa = PBXFileReference; lastKnownFileType = file.storyboard; name = Base; path = Base.lproj/LaunchScreen.storyboard; sourceTree = "<group>"; };
		7EB482A11DE0E8CA00A5C5EE /* Info.plist */ = {isa = PBXFileReference; lastKnownFileType = text.plist.xml; path = Info.plist; sourceTree = "<group>"; };
/* End PBXFileReference section */

/* Begin PBXFrameworksBuildPhase section */
		7EB482891DE0E8C900A5C5EE /* Frameworks */ = {
			isa = PBXFrameworksBuildPhase;
			buildActionMask = 2147483647;
			files = (
			);
			runOnlyForDeploymentPostprocessing = 0;
		};
/* End PBXFrameworksBuildPhase section */

/* Begin PBXGroup section */
		7EB482831DE0E8C800A5C5EE = {
			isa = PBXGroup;
			children = (
				7EB4828E1DE0E8C900A5C5EE /* FolledoSpaceGame */,
				7EB4828D1DE0E8C900A5C5EE /* Products */,
			);
			sourceTree = "<group>";
		};
		7EB4828D1DE0E8C900A5C5EE /* Products */ = {
			isa = PBXGroup;
			children = (
				7EB4828C1DE0E8C900A5C5EE /* FolledoSpaceGame.app */,
			);
			name = Products;
			sourceTree = "<group>";
		};
		7EB4828E1DE0E8C900A5C5EE /* FolledoSpaceGame */ = {
			isa = PBXGroup;
			children = (
				7EB4828F1DE0E8C900A5C5EE /* AppDelegate.swift */,
				7EB482911DE0E8CA00A5C5EE /* GameScene.sks */,
				7EB482931DE0E8CA00A5C5EE /* Actions.sks */,
				7EB482951DE0E8CA00A5C5EE /* GameScene.swift */,
				7EB482971DE0E8CA00A5C5EE /* GameViewController.swift */,
				7EB482991DE0E8CA00A5C5EE /* Main.storyboard */,
				7EB4829C1DE0E8CA00A5C5EE /* Assets.xcassets */,
				7EB4829E1DE0E8CA00A5C5EE /* LaunchScreen.storyboard */,
				7EB482A11DE0E8CA00A5C5EE /* Info.plist */,
			);
			path = FolledoSpaceGame;
			sourceTree = "<group>";
		};
/* End PBXGroup section */

/* Begin PBXNativeTarget section */
		7EB4828B1DE0E8C900A5C5EE /* FolledoSpaceGame */ = {
			isa = PBXNativeTarget;
			buildConfigurationList = 7EB482A41DE0E8CA00A5C5EE /* Build configuration list for PBXNativeTarget "FolledoSpaceGame" */;
			buildPhases = (
				7EB482881DE0E8C900A5C5EE /* Sources */,
				7EB482891DE0E8C900A5C5EE /* Frameworks */,
				7EB4828A1DE0E8C900A5C5EE /* Resources */,
			);
			buildRules = (
			);
			dependencies = (
			);
			name = FolledoSpaceGame;
			productName = FolledoSpaceGame;
			productReference = 7EB4828C1DE0E8C900A5C5EE /* FolledoSpaceGame.app */;
			productType = "com.apple.product-type.application";
		};
/* End PBXNativeTarget section */

/* Begin PBXProject section */
		7EB482841DE0E8C900A5C5EE /* Project object */ = {
			isa = PBXProject;
			attributes = {
				LastSwiftUpdateCheck = 0810;
				LastUpgradeCheck = 0810;
				ORGANIZATIONNAME = "Samuel Folledo";
				TargetAttributes = {
					7EB4828B1DE0E8C900A5C5EE = {
						CreatedOnToolsVersion = 8.1;
						DevelopmentTeam = 8KSKUH7X29;
						ProvisioningStyle = Automatic;
					};
				};
			};
			buildConfigurationList = 7EB482871DE0E8C900A5C5EE /* Build configuration list for PBXProject "FolledoSpaceGame" */;
			compatibilityVersion = "Xcode 3.2";
			developmentRegion = English;
			hasScannedForEncodings = 0;
			knownRegions = (
				en,
				Base,
			);
			mainGroup = 7EB482831DE0E8C800A5C5EE;
			productRefGroup = 7EB4828D1DE0E8C900A5C5EE /* Products */;
			projectDirPath = "";
			projectRoot = "";
			targets = (
				7EB4828B1DE0E8C900A5C5EE /* FolledoSpaceGame */,
			);
		};
/* End PBXProject section */

/* Begin PBXResourcesBuildPhase section */
		7EB4828A1DE0E8C900A5C5EE /* Resources */ = {
			isa = PBXResourcesBuildPhase;
			buildActionMask = 2147483647;
			files = (
				7EB4829B1DE0E8CA00A5C5EE /* Main.storyboard in Resources */,
				7EB482921DE0E8CA00A5C5EE /* GameScene.sks in Resources */,
				7EB4829D1DE0E8CA00A5C5EE /* Assets.xcassets in Resources */,
				7EB482A01DE0E8CA00A5C5EE /* LaunchScreen.storyboard in Resources */,
				7EB482941DE0E8CA00A5C5EE /* Actions.sks in Resources */,
			);
			runOnlyForDeploymentPostprocessing = 0;
		};
/* End PBXResourcesBuildPhase section */

/* Begin PBXSourcesBuildPhase section */
		7EB482881DE0E8C900A5C5EE /* Sources */ = {
			isa = PBXSourcesBuildPhase;
			buildActionMask = 2147483647;
			files = (
				7EB482961DE0E8CA00A5C5EE /* GameScene.swift in Sources */,
				7EB482981DE0E8CA00A5C5EE /* GameViewController.swift in Sources */,
				7EB482901DE0E8C900A5C5EE /* AppDelegate.swift in Sources */,
			);
			runOnlyForDeploymentPostprocessing = 0;
		};
/* End PBXSourcesBuildPhase section */

/* Begin PBXVariantGroup section */
		7EB482991DE0E8CA00A5C5EE /* Main.storyboard */ = {
			isa = PBXVariantGroup;
			children = (
				7EB4829A1DE0E8CA00A5C5EE /* Base */,
			);
			name = Main.storyboard;
			sourceTree = "<group>";
		};
		7EB4829E1DE0E8CA00A5C5EE /* LaunchScreen.storyboard */ = {
			isa = PBXVariantGroup;
			children = (
				7EB4829F1DE0E8CA00A5C5EE /* Base */,
			);
			name = LaunchScreen.storyboard;
			sourceTree = "<group>";
		};
/* End PBXVariantGroup section */

/* Begin XCBuildConfiguration section */
		7EB482A21DE0E8CA00A5C5EE /* Debug */ = {
			isa = XCBuildConfiguration;
			buildSettings = {
				ALWAYS_SEARCH_USER_PATHS = NO;
				CLANG_ANALYZER_NONNULL = YES;
				CLANG_CXX_LANGUAGE_STANDARD = "gnu++0x";
				CLANG_CXX_LIBRARY = "libc++";
				CLANG_ENABLE_MODULES = YES;
				CLANG_ENABLE_OBJC_ARC = YES;
				CLANG_WARN_BOOL_CONVERSION = YES;
				CLANG_WARN_CONSTANT_CONVERSION = YES;
				CLANG_WARN_DIRECT_OBJC_ISA_USAGE = YES_ERROR;
				CLANG_WARN_DOCUMENTATION_COMMENTS = YES;
				CLANG_WARN_EMPTY_BODY = YES;
				CLANG_WARN_ENUM_CONVERSION = YES;
				CLANG_WARN_INFINITE_RECURSION = YES;
				CLANG_WARN_INT_CONVERSION = YES;
				CLANG_WARN_OBJC_ROOT_CLASS = YES_ERROR;
				CLANG_WARN_SUSPICIOUS_MOVES = YES;
				CLANG_WARN_UNREACHABLE_CODE = YES;
				CLANG_WARN__DUPLICATE_METHOD_MATCH = YES;
				"CODE_SIGN_IDENTITY[sdk=iphoneos*]" = "iPhone Developer";
				COPY_PHASE_STRIP = NO;
				DEBUG_INFORMATION_FORMAT = dwarf;
				ENABLE_STRICT_OBJC_MSGSEND = YES;
				ENABLE_TESTABILITY = YES;
				GCC_C_LANGUAGE_STANDARD = gnu99;
				GCC_DYNAMIC_NO_PIC = NO;
				GCC_NO_COMMON_BLOCKS = YES;
				GCC_OPTIMIZATION_LEVEL = 0;
				GCC_PREPROCESSOR_DEFINITIONS = (
					"DEBUG=1",
					"$(inherited)",
				);
				GCC_WARN_64_TO_32_BIT_CONVERSION = YES;
				GCC_WARN_ABOUT_RETURN_TYPE = YES_ERROR;
				GCC_WARN_UNDECLARED_SELECTOR = YES;
				GCC_WARN_UNINITIALIZED_AUTOS = YES_AGGRESSIVE;
				GCC_WARN_UNUSED_FUNCTION = YES;
				GCC_WARN_UNUSED_VARIABLE = YES;
				IPHONEOS_DEPLOYMENT_TARGET = 10.1;
				MTL_ENABLE_DEBUG_INFO = YES;
				ONLY_ACTIVE_ARCH = YES;
				SDKROOT = iphoneos;
				SWIFT_ACTIVE_COMPILATION_CONDITIONS = DEBUG;
				SWIFT_OPTIMIZATION_LEVEL = "-Onone";
			};
			name = Debug;
		};
		7EB482A31DE0E8CA00A5C5EE /* Release */ = {
			isa = XCBuildConfiguration;
			buildSettings = {
				ALWAYS_SEARCH_USER_PATHS = NO;
				CLANG_ANALYZER_NONNULL = YES;
				CLANG_CXX_LANGUAGE_STANDARD = "gnu++0x";
				CLANG_CXX_LIBRARY = "libc++";
				CLANG_ENABLE_MODULES = YES;
				CLANG_ENABLE_OBJC_ARC = YES;
				CLANG_WARN_BOOL_CONVERSION = YES;
				CLANG_WARN_CONSTANT_CONVERSION = YES;
				CLANG_WARN_DIRECT_OBJC_ISA_USAGE = YES_ERROR;
				CLANG_WARN_DOCUMENTATION_COMMENTS = YES;
				CLANG_WARN_EMPTY_BODY = YES;
				CLANG_WARN_ENUM_CONVERSION = YES;
				CLANG_WARN_INFINITE_RECURSION = YES;
				CLANG_WARN_INT_CONVERSION = YES;
				CLANG_WARN_OBJC_ROOT_CLASS = YES_ERROR;
				CLANG_WARN_SUSPICIOUS_MOVES = YES;
				CLANG_WARN_UNREACHABLE_CODE = YES;
				CLANG_WARN__DUPLICATE_METHOD_MATCH = YES;
				"CODE_SIGN_IDENTITY[sdk=iphoneos*]" = "iPhone Developer";
				COPY_PHASE_STRIP = NO;
				DEBUG_INFORMATION_FORMAT = "dwarf-with-dsym";
				ENABLE_NS_ASSERTIONS = NO;
				ENABLE_STRICT_OBJC_MSGSEND = YES;
				GCC_C_LANGUAGE_STANDARD = gnu99;
				GCC_NO_COMMON_BLOCKS = YES;
				GCC_WARN_64_TO_32_BIT_CONVERSION = YES;
				GCC_WARN_ABOUT_RETURN_TYPE = YES_ERROR;
				GCC_WARN_UNDECLARED_SELECTOR = YES;
				GCC_WARN_UNINITIALIZED_AUTOS = YES_AGGRESSIVE;
				GCC_WARN_UNUSED_FUNCTION = YES;
				GCC_WARN_UNUSED_VARIABLE = YES;
				IPHONEOS_DEPLOYMENT_TARGET = 10.1;
				MTL_ENABLE_DEBUG_INFO = NO;
				SDKROOT = iphoneos;
				SWIFT_OPTIMIZATION_LEVEL = "-Owholemodule";
				VALIDATE_PRODUCT = YES;
			};
			name = Release;
		};
		7EB482A51DE0E8CA00A5C5EE /* Debug */ = {
			isa = XCBuildConfiguration;
			buildSettings = {
				ASSETCATALOG_COMPILER_APPICON_NAME = AppIcon;
				DEVELOPMENT_TEAM = 8KSKUH7X29;
				INFOPLIST_FILE = FolledoSpaceGame/Info.plist;
				LD_RUNPATH_SEARCH_PATHS = "$(inherited) @executable_path/Frameworks";
				PRODUCT_BUNDLE_IDENTIFIER = FolledoSwag.FolledoSpaceGame;
				PRODUCT_NAME = "$(TARGET_NAME)";
				SWIFT_VERSION = 3.0;
			};
			name = Debug;
		};
		7EB482A61DE0E8CA00A5C5EE /* Release */ = {
			isa = XCBuildConfiguration;
			buildSettings = {
				ASSETCATALOG_COMPILER_APPICON_NAME = AppIcon;
				DEVELOPMENT_TEAM = 8KSKUH7X29;
				INFOPLIST_FILE = FolledoSpaceGame/Info.plist;
				LD_RUNPATH_SEARCH_PATHS = "$(inherited) @executable_path/Frameworks";
				PRODUCT_BUNDLE_IDENTIFIER = FolledoSwag.FolledoSpaceGame;
				PRODUCT_NAME = "$(TARGET_NAME)";
				SWIFT_VERSION = 3.0;
			};
			name = Release;
		};
/* End XCBuildConfiguration section */

/* Begin XCConfigurationList section */
		7EB482871DE0E8C900A5C5EE /* Build configuration list for PBXProject "FolledoSpaceGame" */ = {
			isa = XCConfigurationList;
			buildConfigurations = (
				7EB482A21DE0E8CA00A5C5EE /* Debug */,
				7EB482A31DE0E8CA00A5C5EE /* Release */,
			);
			defaultConfigurationIsVisible = 0;
			defaultConfigurationName = Release;
		};
		7EB482A41DE0E8CA00A5C5EE /* Build configuration list for PBXNativeTarget "FolledoSpaceGame" */ = {
			isa = XCConfigurationList;
			buildConfigurations = (
				7EB482A51DE0E8CA00A5C5EE /* Debug */,
				7EB482A61DE0E8CA00A5C5EE /* Release */,
			);
			defaultConfigurationIsVisible = 0;
		};
/* End XCConfigurationList section */
	};
	rootObject = 7EB482841DE0E8C900A5C5EE /* Project object */;
}
